<Solution>
  <Folder Name="/Docs/">
    <File Path="JsonDocumentBuilder.md" />
    <File Path="ParsedJsonDocument.md" />
    <File Path="README.md" />
  </Folder>
  <Project Path="JsonDocumentBuilderExample\JsonDocumentBuilderExample.csproj" />
  <Project Path="JsonSchemaSourceGeneratorExample/JsonSchemaSourceGeneratorExample.csproj" />
  <Project Path="ParsedJsonDocumentExample\ParsedJsonDocumentExample.csproj" />
</Solution>
